// !$*UTF8*$!
{
	archiveVersion = 1;
	classes = {
	};
	objectVersion = 50;
	objects = {

/* Begin PBXBuildFile section */
		FC86B05C2302585D005822B7 /* AppDelegate.swift in Sources */ = {isa = PBXBuildFile; fileRef = FC86B05B2302585D005822B7 /* AppDelegate.swift */; };
		FC86B05E2302585D005822B7 /* ViewController.swift in Sources */ = {isa = PBXBuildFile; fileRef = FC86B05D2302585D005822B7 /* ViewController.swift */; };
		FC86B0612302585D005822B7 /* Main.storyboard in Resources */ = {isa = PBXBuildFile; fileRef = FC86B05F2302585D005822B7 /* Main.storyboard */; };
		FC86B0632302585F005822B7 /* Assets.xcassets in Resources */ = {isa = PBXBuildFile; fileRef = FC86B0622302585F005822B7 /* Assets.xcassets */; };
		FC86B0662302585F005822B7 /* LaunchScreen.storyboard in Resources */ = {isa = PBXBuildFile; fileRef = FC86B0642302585F005822B7 /* LaunchScreen.storyboard */; };
		FC97878C230A81DF006695AB /* Common.swift in Sources */ = {isa = PBXBuildFile; fileRef = FC97878B230A81DF006695AB /* Common.swift */; };
		FCADD2A9230BC50D003CE626 /* SummaryTableViewCell.swift in Sources */ = {isa = PBXBuildFile; fileRef = FCADD2A8230BC50D003CE626 /* SummaryTableViewCell.swift */; };
		FCADD2AB230BC54B003CE626 /* ForecastTableViewCell.swift in Sources */ = {isa = PBXBuildFile; fileRef = FCADD2AA230BC54A003CE626 /* ForecastTableViewCell.swift */; };
/* End PBXBuildFile section */

/* Begin PBXFileReference section */
		FC86B0582302585D005822B7 /* SimpleWeather.app */ = {isa = PBXFileReference; explicitFileType = wrapper.application; includeInIndex = 0; path = SimpleWeather.app; sourceTree = BUILT_PRODUCTS_DIR; };
		FC86B05B2302585D005822B7 /* AppDelegate.swift */ = {isa = PBXFileReference; lastKnownFileType = sourcecode.swift; path = AppDelegate.swift; sourceTree = "<group>"; };
		FC86B05D2302585D005822B7 /* ViewController.swift */ = {isa = PBXFileReference; lastKnownFileType = sourcecode.swift; path = ViewController.swift; sourceTree = "<group>"; };
		FC86B0602302585D005822B7 /* Base */ = {isa = PBXFileReference; lastKnownFileType = file.storyboard; name = Base; path = Base.lproj/Main.storyboard; sourceTree = "<group>"; };
		FC86B0622302585F005822B7 /* Assets.xcassets */ = {isa = PBXFileReference; lastKnownFileType = folder.assetcatalog; path = Assets.xcassets; sourceTree = "<group>"; };
		FC86B0652302585F005822B7 /* Base */ = {isa = PBXFileReference; lastKnownFileType = file.storyboard; name = Base; path = Base.lproj/LaunchScreen.storyboard; sourceTree = "<group>"; };
		FC86B0672302585F005822B7 /* Info.plist */ = {isa = PBXFileReference; lastKnownFileType = text.plist.xml; path = Info.plist; sourceTree = "<group>"; };
		FC97878B230A81DF006695AB /* Common.swift */ = {isa = PBXFileReference; lastKnownFileType = sourcecode.swift; path = Common.swift; sourceTree = "<group>"; };
		FCADD2A8230BC50D003CE626 /* SummaryTableViewCell.swift */ = {isa = PBXFileReference; lastKnownFileType = sourcecode.swift; path = SummaryTableViewCell.swift; sourceTree = "<group>"; };
		FCADD2AA230BC54A003CE626 /* ForecastTableViewCell.swift */ = {isa = PBXFileReference; lastKnownFileType = sourcecode.swift; path = ForecastTableViewCell.swift; sourceTree = "<group>"; };
/* End PBXFileReference section */

/* Begin PBXFrameworksBuildPhase section */
		FC86B0552302585D005822B7 /* Frameworks */ = {
			isa = PBXFrameworksBuildPhase;
			buildActionMask = 2147483647;
			files = (
			);
			runOnlyForDeploymentPostprocessing = 0;
		};
/* End PBXFrameworksBuildPhase section */

/* Begin PBXGroup section */
		FC86B04F2302585D005822B7 = {
			isa = PBXGroup;
			children = (
				FC86B05A2302585D005822B7 /* SimpleWeather */,
				FC86B0592302585D005822B7 /* Products */,
			);
			sourceTree = "<group>";
		};
		FC86B0592302585D005822B7 /* Products */ = {
			isa = PBXGroup;
			children = (
				FC86B0582302585D005822B7 /* SimpleWeather.app */,
			);
			name = Products;
			sourceTree = "<group>";
		};
		FC86B05A2302585D005822B7 /* SimpleWeather */ = {
			isa = PBXGroup;
			children = (
				FCADD2A7230BC4E1003CE626 /* cell */,
				FC86B05B2302585D005822B7 /* AppDelegate.swift */,
				FC86B05D2302585D005822B7 /* ViewController.swift */,
				FC86B05F2302585D005822B7 /* Main.storyboard */,
				FC86B0622302585F005822B7 /* Assets.xcassets */,
				FC86B0642302585F005822B7 /* LaunchScreen.storyboard */,
				FC86B0672302585F005822B7 /* Info.plist */,
				FC97878B230A81DF006695AB /* Common.swift */,
			);
			path = SimpleWeather;
			sourceTree = "<group>";
		};
		FCADD2A7230BC4E1003CE626 /* cell */ = {
			isa = PBXGroup;
			children = (
				FCADD2A8230BC50D003CE626 /* SummaryTableViewCell.swift */,
				FCADD2AA230BC54A003CE626 /* ForecastTableViewCell.swift */,
			);
			path = cell;
			sourceTree = "<group>";
		};
/* End PBXGroup section */

/* Begin PBXNativeTarget section */
		FC86B0572302585D005822B7 /* SimpleWeather */ = {
			isa = PBXNativeTarget;
			buildConfigurationList = FC86B06A2302585F005822B7 /* Build configuration list for PBXNativeTarget "SimpleWeather" */;
			buildPhases = (
				FC86B0542302585D005822B7 /* Sources */,
				FC86B0552302585D005822B7 /* Frameworks */,
				FC86B0562302585D005822B7 /* Resources */,
			);
			buildRules = (
			);
			dependencies = (
			);
			name = SimpleWeather;
			productName = SimpleWeather;
			productReference = FC86B0582302585D005822B7 /* SimpleWeather.app */;
			productType = "com.apple.product-type.application";
		};
/* End PBXNativeTarget section */

/* Begin PBXProject section */
		FC86B0502302585D005822B7 /* Project object */ = {
			isa = PBXProject;
			attributes = {
				LastSwiftUpdateCheck = 1030;
				LastUpgradeCheck = 1030;
				ORGANIZATIONNAME = dope;
				TargetAttributes = {
					FC86B0572302585D005822B7 = {
						CreatedOnToolsVersion = 10.3;
					};
				};
			};
			buildConfigurationList = FC86B0532302585D005822B7 /* Build configuration list for PBXProject "SimpleWeather" */;
			compatibilityVersion = "Xcode 9.3";
			developmentRegion = en;
			hasScannedForEncodings = 0;
			knownRegions = (
				en,
				Base,
			);
			mainGroup = FC86B04F2302585D005822B7;
			productRefGroup = FC86B0592302585D005822B7 /* Products */;
			projectDirPath = "";
			projectRoot = "";
			targets = (
				FC86B0572302585D005822B7 /* SimpleWeather */,
			);
		};
/* End PBXProject section */

/* Begin PBXResourcesBuildPhase section */
		FC86B0562302585D005822B7 /* Resources */ = {
			isa = PBXResourcesBuildPhase;
			buildActionMask = 2147483647;
			files = (
				FC86B0662302585F005822B7 /* LaunchScreen.storyboard in Resources */,
				FC86B0632302585F005822B7 /* Assets.xcassets in Resources */,
				FC86B0612302585D005822B7 /* Main.storyboard in Resources */,
			);
			runOnlyForDeploymentPostprocessing = 0;
		};
/* End PBXResourcesBuildPhase section */

/* Begin PBXSourcesBuildPhase section */
		FC86B0542302585D005822B7 /* Sources */ = {
			isa = PBXSourcesBuildPhase;
			buildActionMask = 2147483647;
			files = (
				FC86B05E2302585D005822B7 /* ViewController.swift in Sources */,
				FCADD2AB230BC54B003CE626 /* ForecastTableViewCell.swift in Sources */,
				FC97878C230A81DF006695AB /* Common.swift in Sources */,
				FCADD2A9230BC50D003CE626 /* SummaryTableViewCell.swift in Sources */,
				FC86B05C2302585D005822B7 /* AppDelegate.swift in Sources */,
			);
			runOnlyForDeploymentPostprocessing = 0;
		};
/* End PBXSourcesBuildPhase section */

/* Begin PBXVariantGroup section */
		FC86B05F2302585D005822B7 /* Main.storyboard */ = {
			isa = PBXVariantGroup;
			children = (
				FC86B0602302585D005822B7 /* Base */,
			);
			name = Main.storyboard;
			sourceTree = "<group>";
		};
		FC86B0642302585F005822B7 /* LaunchScreen.storyboard */ = {
			isa = PBXVariantGroup;
			children = (
				FC86B0652302585F005822B7 /* Base */,
			);
			name = LaunchScreen.storyboard;
			sourceTree = "<group>";
		};
/* End PBXVariantGroup section */

/* Begin XCBuildConfiguration section */
		FC86B0682302585F005822B7 /* Debug */ = {
			isa = XCBuildConfiguration;
			buildSettings = {
				ALWAYS_SEARCH_USER_PATHS = NO;
				CLANG_ANALYZER_NONNULL = YES;
				CLANG_ANALYZER_NUMBER_OBJECT_CONVERSION = YES_AGGRESSIVE;
				CLANG_CXX_LANGUAGE_STANDARD = "gnu++14";
				CLANG_CXX_LIBRARY = "libc++";
				CLANG_ENABLE_MODULES = YES;
				CLANG_ENABLE_OBJC_ARC = YES;
				CLANG_ENABLE_OBJC_WEAK = YES;
				CLANG_WARN_BLOCK_CAPTURE_AUTORELEASING = YES;
				CLANG_WARN_BOOL_CONVERSION = YES;
				CLANG_WARN_COMMA = YES;
				CLANG_WARN_CONSTANT_CONVERSION = YES;
				CLANG_WARN_DEPRECATED_OBJC_IMPLEMENTATIONS = YES;
				CLANG_WARN_DIRECT_OBJC_ISA_USAGE = YES_ERROR;
				CLANG_WARN_DOCUMENTATION_COMMENTS = YES;
				CLANG_WARN_EMPTY_BODY = YES;
				CLANG_WARN_ENUM_CONVERSION = YES;
				CLANG_WARN_INFINITE_RECURSION = YES;
				CLANG_WARN_INT_CONVERSION = YES;
				CLANG_WARN_NON_LITERAL_NULL_CONVERSION = YES;
				CLANG_WARN_OBJC_IMPLICIT_RETAIN_SELF = YES;
				CLANG_WARN_OBJC_LITERAL_CONVERSION = YES;
				CLANG_WARN_OBJC_ROOT_CLASS = YES_ERROR;
				CLANG_WARN_RANGE_LOOP_ANALYSIS = YES;
				CLANG_WARN_STRICT_PROTOTYPES = YES;
				CLANG_WARN_SUSPICIOUS_MOVE = YES;
				CLANG_WARN_UNGUARDED_AVAILABILITY = YES_AGGRESSIVE;
				CLANG_WARN_UNREACHABLE_CODE = YES;
				CLANG_WARN__DUPLICATE_METHOD_MATCH = YES;
				CODE_SIGN_IDENTITY = "iPhone Developer";
				COPY_PHASE_STRIP = NO;
				DEBUG_INFORMATION_FORMAT = dwarf;
				ENABLE_STRICT_OBJC_MSGSEND = YES;
				ENABLE_TESTABILITY = YES;
				GCC_C_LANGUAGE_STANDARD = gnu11;
				GCC_DYNAMIC_NO_PIC = NO;
				GCC_NO_COMMON_BLOCKS = YES;
				GCC_OPTIMIZATION_LEVEL = 0;
				GCC_PREPROCESSOR_DEFINITIONS = (
					"DEBUG=1",
					"$(inherited)",
				);
				GCC_WARN_64_TO_32_BIT_CONVERSION = YES;
				GCC_WARN_ABOUT_RETURN_TYPE = YES_ERROR;
				GCC_WARN_UNDECLARED_SELECTOR = YES;
				GCC_WARN_UNINITIALIZED_AUTOS = YES_AGGRESSIVE;
				GCC_WARN_UNUSED_FUNCTION = YES;
				GCC_WARN_UNUSED_VARIABLE = YES;
				IPHONEOS_DEPLOYMENT_TARGET = 12.4;
				MTL_ENABLE_DEBUG_INFO = INCLUDE_SOURCE;
				MTL_FAST_MATH = YES;
				ONLY_ACTIVE_ARCH = YES;
				SDKROOT = iphoneos;
				SWIFT_ACTIVE_COMPILATION_CONDITIONS = DEBUG;
				SWIFT_OPTIMIZATION_LEVEL = "-Onone";
			};
			name = Debug;
		};
		FC86B0692302585F005822B7 /* Release */ = {
			isa = XCBuildConfiguration;
			buildSettings = {
				ALWAYS_SEARCH_USER_PATHS = NO;
				CLANG_ANALYZER_NONNULL = YES;
				CLANG_ANALYZER_NUMBER_OBJECT_CONVERSION = YES_AGGRESSIVE;
				CLANG_CXX_LANGUAGE_STANDARD = "gnu++14";
				CLANG_CXX_LIBRARY = "libc++";
				CLANG_ENABLE_MODULES = YES;
				CLANG_ENABLE_OBJC_ARC = YES;
				CLANG_ENABLE_OBJC_WEAK = YES;
				CLANG_WARN_BLOCK_CAPTURE_AUTORELEASING = YES;
				CLANG_WARN_BOOL_CONVERSION = YES;
				CLANG_WARN_COMMA = YES;
				CLANG_WARN_CONSTANT_CONVERSION = YES;
				CLANG_WARN_DEPRECATED_OBJC_IMPLEMENTATIONS = YES;
				CLANG_WARN_DIRECT_OBJC_ISA_USAGE = YES_ERROR;
				CLANG_WARN_DOCUMENTATION_COMMENTS = YES;
				CLANG_WARN_EMPTY_BODY = YES;
				CLANG_WARN_ENUM_CONVERSION = YES;
				CLANG_WARN_INFINITE_RECURSION = YES;
				CLANG_WARN_INT_CONVERSION = YES;
				CLANG_WARN_NON_LITERAL_NULL_CONVERSION = YES;
				CLANG_WARN_OBJC_IMPLICIT_RETAIN_SELF = YES;
				CLANG_WARN_OBJC_LITERAL_CONVERSION = YES;
				CLANG_WARN_OBJC_ROOT_CLASS = YES_ERROR;
				CLANG_WARN_RANGE_LOOP_ANALYSIS = YES;
				CLANG_WARN_STRICT_PROTOTYPES = YES;
				CLANG_WARN_SUSPICIOUS_MOVE = YES;
				CLANG_WARN_UNGUARDED_AVAILABILITY = YES_AGGRESSIVE;
				CLANG_WARN_UNREACHABLE_CODE = YES;
				CLANG_WARN__DUPLICATE_METHOD_MATCH = YES;
				CODE_SIGN_IDENTITY = "iPhone Developer";
				COPY_PHASE_STRIP = NO;
				DEBUG_INFORMATION_FORMAT = "dwarf-with-dsym";
				ENABLE_NS_ASSERTIONS = NO;
				ENABLE_STRICT_OBJC_MSGSEND = YES;
				GCC_C_LANGUAGE_STANDARD = gnu11;
				GCC_NO_COMMON_BLOCKS = YES;
				GCC_WARN_64_TO_32_BIT_CONVERSION = YES;
				GCC_WARN_ABOUT_RETURN_TYPE = YES_ERROR;
				GCC_WARN_UNDECLARED_SELECTOR = YES;
				GCC_WARN_UNINITIALIZED_AUTOS = YES_AGGRESSIVE;
				GCC_WARN_UNUSED_FUNCTION = YES;
				GCC_WARN_UNUSED_VARIABLE = YES;
				IPHONEOS_DEPLOYMENT_TARGET = 12.4;
				MTL_ENABLE_DEBUG_INFO = NO;
				MTL_FAST_MATH = YES;
				SDKROOT = iphoneos;
				SWIFT_COMPILATION_MODE = wholemodule;
				SWIFT_OPTIMIZATION_LEVEL = "-O";
				VALIDATE_PRODUCT = YES;
			};
			name = Release;
		};
		FC86B06B2302585F005822B7 /* Debug */ = {
			isa = XCBuildConfiguration;
			buildSettings = {
				ASSETCATALOG_COMPILER_APPICON_NAME = AppIcon;
				CODE_SIGN_STYLE = Automatic;
				DEVELOPMENT_TEAM = 3344UCV2LF;
				INFOPLIST_FILE = SimpleWeather/Info.plist;
				IPHONEOS_DEPLOYMENT_TARGET = 10.0;
				LD_RUNPATH_SEARCH_PATHS = (
					"$(inherited)",
					"@executable_path/Frameworks",
				);
				PRODUCT_BUNDLE_IDENTIFIER = com.dope.SimpleWeather;
				PRODUCT_NAME = "$(TARGET_NAME)";
				SWIFT_VERSION = 5.0;
				TARGETED_DEVICE_FAMILY = "1,2";
			};
			name = Debug;
		};
		FC86B06C2302585F005822B7 /* Release */ = {
			isa = XCBuildConfiguration;
			buildSettings = {
				ASSETCATALOG_COMPILER_APPICON_NAME = AppIcon;
				CODE_SIGN_STYLE = Automatic;
				DEVELOPMENT_TEAM = 3344UCV2LF;
				INFOPLIST_FILE = SimpleWeather/Info.plist;
				IPHONEOS_DEPLOYMENT_TARGET = 10.0;
				LD_RUNPATH_SEARCH_PATHS = (
					"$(inherited)",
					"@executable_path/Frameworks",
				);
				PRODUCT_BUNDLE_IDENTIFIER = com.dope.SimpleWeather;
				PRODUCT_NAME = "$(TARGET_NAME)";
				SWIFT_VERSION = 5.0;
				TARGETED_DEVICE_FAMILY = "1,2";
			};
			name = Release;
		};
/* End XCBuildConfiguration section */

/* Begin XCConfigurationList section */
		FC86B0532302585D005822B7 /* Build configuration list for PBXProject "SimpleWeather" */ = {
			isa = XCConfigurationList;
			buildConfigurations = (
				FC86B0682302585F005822B7 /* Debug */,
				FC86B0692302585F005822B7 /* Release */,
			);
			defaultConfigurationIsVisible = 0;
			defaultConfigurationName = Release;
		};
		FC86B06A2302585F005822B7 /* Build configuration list for PBXNativeTarget "SimpleWeather" */ = {
			isa = XCConfigurationList;
			buildConfigurations = (
				FC86B06B2302585F005822B7 /* Debug */,
				FC86B06C2302585F005822B7 /* Release */,
			);
			defaultConfigurationIsVisible = 0;
			defaultConfigurationName = Release;
		};
/* End XCConfigurationList section */
	};
	rootObject = FC86B0502302585D005822B7 /* Project object */;
}
